
Microsoft Visual Studio Solution File, Format Version 12.00
# Visual Studio 15
Project("{FAE04EC0-301F-11D3-BF4B-00C04F79EFBC}") = "Networking", "Waylong\Networking.csproj", "{50355D0D-EFBB-431F-9DB8-FB0A26A04217}"
EndProject
Global
	GlobalSection(SolutionConfigurationPlatforms) = preSolution
		Debug|anycpu = Debug|anycpu
		Release|anycpu = Release|anycpu
	EndGlobalSection
	GlobalSection(ProjectConfigurationPlatforms) = postSolution
		{50355D0D-EFBB-431F-9DB8-FB0A26A04217}.Debug|anycpu.ActiveCfg = Debug|anycpu
		{50355D0D-EFBB-431F-9DB8-FB0A26A04217}.Debug|anycpu.Build.0 = Debug|anycpu
		{50355D0D-EFBB-431F-9DB8-FB0A26A04217}.Release|anycpu.ActiveCfg = Release|anycpu
		{50355D0D-EFBB-431F-9DB8-FB0A26A04217}.Release|anycpu.Build.0 = Release|anycpu
	EndGlobalSection
EndGlobal
