
Microsoft Visual Studio Solution File, Format Version 12.00
# Visual Studio 15
Project("{FAE04EC0-301F-11D3-BF4B-00C04F79EFBC}") = "WaylonX", "WaylonX\WaylonX.csproj", "{F92AA33B-4E37-4F60-A739-EC601413F63F}"
EndProject
Project("{FAE04EC0-301F-11D3-BF4B-00C04F79EFBC}") = "ShowCase", "ShowCase\ShowCase.csproj", "{B8AB61FE-6CAA-4D4E-BE76-E63B329D4912}"
EndProject
Project("{FAE04EC0-301F-11D3-BF4B-00C04F79EFBC}") = "BattleChess_Server", "..\..\..\..\..\Document\FC-University\Course\#( Project ) Independent Study\BattleChess_Server\BattleChess_Server\BattleChess_Server.csproj", "{5577C9DA-B191-479E-AF61-B2FD84A27A31}"
EndProject
Project("{FAE04EC0-301F-11D3-BF4B-00C04F79EFBC}") = "WaylonX_Database", "WaylonX_Database\WaylonX_Database.csproj", "{AFE03EF6-D88D-4954-A48D-C919CBD4DB9A}"
EndProject
Project("{FAE04EC0-301F-11D3-BF4B-00C04F79EFBC}") = "WaylonX_Database.SDK", "WaylonX_Database.SDK\WaylonX_Database.SDK.csproj", "{C9720465-2F70-4EE3-BF74-0469FD6E572D}"
EndProject
Global
	GlobalSection(SolutionConfigurationPlatforms) = preSolution
		Debug|Any CPU = Debug|Any CPU
		Release|Any CPU = Release|Any CPU
	EndGlobalSection
	GlobalSection(ProjectConfigurationPlatforms) = postSolution
		{F92AA33B-4E37-4F60-A739-EC601413F63F}.Debug|Any CPU.ActiveCfg = Debug|Any CPU
		{F92AA33B-4E37-4F60-A739-EC601413F63F}.Debug|Any CPU.Build.0 = Debug|Any CPU
		{F92AA33B-4E37-4F60-A739-EC601413F63F}.Release|Any CPU.ActiveCfg = Release|Any CPU
		{F92AA33B-4E37-4F60-A739-EC601413F63F}.Release|Any CPU.Build.0 = Release|Any CPU
		{B8AB61FE-6CAA-4D4E-BE76-E63B329D4912}.Debug|Any CPU.ActiveCfg = Debug|Any CPU
		{B8AB61FE-6CAA-4D4E-BE76-E63B329D4912}.Debug|Any CPU.Build.0 = Debug|Any CPU
		{B8AB61FE-6CAA-4D4E-BE76-E63B329D4912}.Release|Any CPU.ActiveCfg = Release|Any CPU
		{B8AB61FE-6CAA-4D4E-BE76-E63B329D4912}.Release|Any CPU.Build.0 = Release|Any CPU
		{5577C9DA-B191-479E-AF61-B2FD84A27A31}.Debug|Any CPU.ActiveCfg = Debug|Any CPU
		{5577C9DA-B191-479E-AF61-B2FD84A27A31}.Debug|Any CPU.Build.0 = Debug|Any CPU
		{5577C9DA-B191-479E-AF61-B2FD84A27A31}.Release|Any CPU.ActiveCfg = Release|Any CPU
		{5577C9DA-B191-479E-AF61-B2FD84A27A31}.Release|Any CPU.Build.0 = Release|Any CPU
		{AFE03EF6-D88D-4954-A48D-C919CBD4DB9A}.Debug|Any CPU.ActiveCfg = Debug|Any CPU
		{AFE03EF6-D88D-4954-A48D-C919CBD4DB9A}.Debug|Any CPU.Build.0 = Debug|Any CPU
		{AFE03EF6-D88D-4954-A48D-C919CBD4DB9A}.Release|Any CPU.ActiveCfg = Release|Any CPU
		{AFE03EF6-D88D-4954-A48D-C919CBD4DB9A}.Release|Any CPU.Build.0 = Release|Any CPU
		{C9720465-2F70-4EE3-BF74-0469FD6E572D}.Debug|Any CPU.ActiveCfg = Debug|Any CPU
		{C9720465-2F70-4EE3-BF74-0469FD6E572D}.Debug|Any CPU.Build.0 = Debug|Any CPU
		{C9720465-2F70-4EE3-BF74-0469FD6E572D}.Release|Any CPU.ActiveCfg = Release|Any CPU
		{C9720465-2F70-4EE3-BF74-0469FD6E572D}.Release|Any CPU.Build.0 = Release|Any CPU
	EndGlobalSection
EndGlobal
