
Microsoft Visual Studio Solution File, Format Version 12.00
# Visual Studio 15
Project("{FAE04EC0-301F-11D3-BF4B-00C04F79EFBC}") = "WaylonX", "WaylonX\WaylonX.csproj", "{F92AA33B-4E37-4F60-A739-EC601413F63F}"
EndProject
Project("{FAE04EC0-301F-11D3-BF4B-00C04F79EFBC}") = "ShowCase", "ShowCase\ShowCase.csproj", "{B8AB61FE-6CAA-4D4E-BE76-E63B329D4912}"
EndProject
Project("{FAE04EC0-301F-11D3-BF4B-00C04F79EFBC}") = "AutoChess_GameServer", "..\..\..\..\..\Document\FC-University\Course\#( Project ) Independent Study\AutoChess_GameServer\AutoChess_GameServer\AutoChess_GameServer.csproj", "{B35CD765-D8E6-43A2-8339-A23FA89BC4C6}"
EndProject
Project("{FAE04EC0-301F-11D3-BF4B-00C04F79EFBC}") = "AutoChess", "..\..\..\..\..\Document\FC-University\Course\#( Project ) Independent Study\AutoChess\AutoChess\AutoChess.csproj", "{067981F5-CCE7-4BFA-9B9C-C92D5ECFE009}"
EndProject
Global
	GlobalSection(SolutionConfigurationPlatforms) = preSolution
		Debug|Any CPU = Debug|Any CPU
		Release|Any CPU = Release|Any CPU
	EndGlobalSection
	GlobalSection(ProjectConfigurationPlatforms) = postSolution
		{F92AA33B-4E37-4F60-A739-EC601413F63F}.Debug|Any CPU.ActiveCfg = Debug|Any CPU
		{F92AA33B-4E37-4F60-A739-EC601413F63F}.Debug|Any CPU.Build.0 = Debug|Any CPU
		{F92AA33B-4E37-4F60-A739-EC601413F63F}.Release|Any CPU.ActiveCfg = Release|Any CPU
		{F92AA33B-4E37-4F60-A739-EC601413F63F}.Release|Any CPU.Build.0 = Release|Any CPU
		{B8AB61FE-6CAA-4D4E-BE76-E63B329D4912}.Debug|Any CPU.ActiveCfg = Debug|Any CPU
		{B8AB61FE-6CAA-4D4E-BE76-E63B329D4912}.Debug|Any CPU.Build.0 = Debug|Any CPU
		{B8AB61FE-6CAA-4D4E-BE76-E63B329D4912}.Release|Any CPU.ActiveCfg = Release|Any CPU
		{B8AB61FE-6CAA-4D4E-BE76-E63B329D4912}.Release|Any CPU.Build.0 = Release|Any CPU
		{B35CD765-D8E6-43A2-8339-A23FA89BC4C6}.Debug|Any CPU.ActiveCfg = Debug|Any CPU
		{B35CD765-D8E6-43A2-8339-A23FA89BC4C6}.Debug|Any CPU.Build.0 = Debug|Any CPU
		{B35CD765-D8E6-43A2-8339-A23FA89BC4C6}.Release|Any CPU.ActiveCfg = Release|Any CPU
		{B35CD765-D8E6-43A2-8339-A23FA89BC4C6}.Release|Any CPU.Build.0 = Release|Any CPU
		{067981F5-CCE7-4BFA-9B9C-C92D5ECFE009}.Debug|Any CPU.ActiveCfg = Debug|Any CPU
		{067981F5-CCE7-4BFA-9B9C-C92D5ECFE009}.Debug|Any CPU.Build.0 = Debug|Any CPU
		{067981F5-CCE7-4BFA-9B9C-C92D5ECFE009}.Release|Any CPU.ActiveCfg = Release|Any CPU
		{067981F5-CCE7-4BFA-9B9C-C92D5ECFE009}.Release|Any CPU.Build.0 = Release|Any CPU
	EndGlobalSection
EndGlobal
